
Microsoft Visual Studio Solution File, Format Version 12.00
# Visual Studio 15
VisualStudioVersion = 15.0.27130.2003
MinimumVisualStudioVersion = 10.0.40219.1
Project("{FAE04EC0-301F-11D3-BF4B-00C04F79EFBC}") = "TheSchool", "TheSchool\TheSchool.csproj", "{44D9E106-DEFA-4250-A006-26C0B0EE9F17}"
EndProject
Global
	GlobalSection(SolutionConfigurationPlatforms) = preSolution
		Debug|Any CPU = Debug|Any CPU
		Release|Any CPU = Release|Any CPU
	EndGlobalSection
	GlobalSection(ProjectConfigurationPlatforms) = postSolution
		{44D9E106-DEFA-4250-A006-26C0B0EE9F17}.Debug|Any CPU.ActiveCfg = Debug|Any CPU
		{44D9E106-DEFA-4250-A006-26C0B0EE9F17}.Debug|Any CPU.Build.0 = Debug|Any CPU
		{44D9E106-DEFA-4250-A006-26C0B0EE9F17}.Release|Any CPU.ActiveCfg = Release|Any CPU
		{44D9E106-DEFA-4250-A006-26C0B0EE9F17}.Release|Any CPU.Build.0 = Release|Any CPU
	EndGlobalSection
	GlobalSection(SolutionProperties) = preSolution
		HideSolutionNode = FALSE
	EndGlobalSection
	GlobalSection(ExtensibilityGlobals) = postSolution
		SolutionGuid = {68C532E4-87C1-43A0-8F1C-179EFCA5A60B}
	EndGlobalSection
EndGlobal
