
Microsoft Visual Studio Solution File, Format Version 12.00
# Visual Studio 15
VisualStudioVersion = 15.0.27130.2003
MinimumVisualStudioVersion = 10.0.40219.1
Project("{FAE04EC0-301F-11D3-BF4B-00C04F79EFBC}") = "ConnectedDb", "ConnectedDb\ConnectedDb.csproj", "{2FC482BC-06AF-414F-90FA-83241E92116C}"
EndProject
Global
	GlobalSection(SolutionConfigurationPlatforms) = preSolution
		Debug|Any CPU = Debug|Any CPU
		Release|Any CPU = Release|Any CPU
	EndGlobalSection
	GlobalSection(ProjectConfigurationPlatforms) = postSolution
		{2FC482BC-06AF-414F-90FA-83241E92116C}.Debug|Any CPU.ActiveCfg = Debug|Any CPU
		{2FC482BC-06AF-414F-90FA-83241E92116C}.Debug|Any CPU.Build.0 = Debug|Any CPU
		{2FC482BC-06AF-414F-90FA-83241E92116C}.Release|Any CPU.ActiveCfg = Release|Any CPU
		{2FC482BC-06AF-414F-90FA-83241E92116C}.Release|Any CPU.Build.0 = Release|Any CPU
	EndGlobalSection
	GlobalSection(SolutionProperties) = preSolution
		HideSolutionNode = FALSE
	EndGlobalSection
	GlobalSection(ExtensibilityGlobals) = postSolution
		SolutionGuid = {1A4272A4-0B63-4A49-A522-D2850BE19841}
	EndGlobalSection
EndGlobal
